// !$*UTF8*$!
{
	archiveVersion = 1;
	classes = {
	};
	objectVersion = 50;
	objects = {

/* Begin PBXBuildFile section */
		33E20EF326A6054C0045E6DD /* AppDelegate.swift in Sources */ = {isa = PBXBuildFile; fileRef = 33E20EF226A6054C0045E6DD /* AppDelegate.swift */; };
		33E20EF526A6054C0045E6DD /* SceneDelegate.swift in Sources */ = {isa = PBXBuildFile; fileRef = 33E20EF426A6054C0045E6DD /* SceneDelegate.swift */; };
		33E20EFA26A6054C0045E6DD /* Main.storyboard in Resources */ = {isa = PBXBuildFile; fileRef = 33E20EF826A6054C0045E6DD /* Main.storyboard */; };
		33E20EFD26A6054C0045E6DD /* todolist.xcdatamodeld in Sources */ = {isa = PBXBuildFile; fileRef = 33E20EFB26A6054C0045E6DD /* todolist.xcdatamodeld */; };
		33E20EFF26A605510045E6DD /* Assets.xcassets in Resources */ = {isa = PBXBuildFile; fileRef = 33E20EFE26A605510045E6DD /* Assets.xcassets */; };
		33E20F0226A605510045E6DD /* LaunchScreen.storyboard in Resources */ = {isa = PBXBuildFile; fileRef = 33E20F0026A605510045E6DD /* LaunchScreen.storyboard */; };
		33E20F0D26A605510045E6DD /* todolistTests.swift in Sources */ = {isa = PBXBuildFile; fileRef = 33E20F0C26A605510045E6DD /* todolistTests.swift */; };
		33E20F1826A605510045E6DD /* todolistUITests.swift in Sources */ = {isa = PBXBuildFile; fileRef = 33E20F1726A605510045E6DD /* todolistUITests.swift */; };
		33E20F2626A6292D0045E6DD /* ToDo Table View ControllerTableViewController.swift in Sources */ = {isa = PBXBuildFile; fileRef = 33E20F2526A6292D0045E6DD /* ToDo Table View ControllerTableViewController.swift */; };
		33E20F2826A62C3A0045E6DD /* ToDo.swift in Sources */ = {isa = PBXBuildFile; fileRef = 33E20F2726A62C3A0045E6DD /* ToDo.swift */; };
/* End PBXBuildFile section */

/* Begin PBXContainerItemProxy section */
		33E20F0926A605510045E6DD /* PBXContainerItemProxy */ = {
			isa = PBXContainerItemProxy;
			containerPortal = 33E20EE726A6054C0045E6DD /* Project object */;
			proxyType = 1;
			remoteGlobalIDString = 33E20EEE26A6054C0045E6DD;
			remoteInfo = todolist;
		};
		33E20F1426A605510045E6DD /* PBXContainerItemProxy */ = {
			isa = PBXContainerItemProxy;
			containerPortal = 33E20EE726A6054C0045E6DD /* Project object */;
			proxyType = 1;
			remoteGlobalIDString = 33E20EEE26A6054C0045E6DD;
			remoteInfo = todolist;
		};
/* End PBXContainerItemProxy section */

/* Begin PBXFileReference section */
		33E20EEF26A6054C0045E6DD /* todolist.app */ = {isa = PBXFileReference; explicitFileType = wrapper.application; includeInIndex = 0; path = todolist.app; sourceTree = BUILT_PRODUCTS_DIR; };
		33E20EF226A6054C0045E6DD /* AppDelegate.swift */ = {isa = PBXFileReference; lastKnownFileType = sourcecode.swift; path = AppDelegate.swift; sourceTree = "<group>"; };
		33E20EF426A6054C0045E6DD /* SceneDelegate.swift */ = {isa = PBXFileReference; lastKnownFileType = sourcecode.swift; path = SceneDelegate.swift; sourceTree = "<group>"; };
		33E20EF926A6054C0045E6DD /* Base */ = {isa = PBXFileReference; lastKnownFileType = file.storyboard; name = Base; path = Base.lproj/Main.storyboard; sourceTree = "<group>"; };
		33E20EFC26A6054C0045E6DD /* todolist.xcdatamodel */ = {isa = PBXFileReference; lastKnownFileType = wrapper.xcdatamodel; path = todolist.xcdatamodel; sourceTree = "<group>"; };
		33E20EFE26A605510045E6DD /* Assets.xcassets */ = {isa = PBXFileReference; lastKnownFileType = folder.assetcatalog; path = Assets.xcassets; sourceTree = "<group>"; };
		33E20F0126A605510045E6DD /* Base */ = {isa = PBXFileReference; lastKnownFileType = file.storyboard; name = Base; path = Base.lproj/LaunchScreen.storyboard; sourceTree = "<group>"; };
		33E20F0326A605510045E6DD /* Info.plist */ = {isa = PBXFileReference; lastKnownFileType = text.plist.xml; path = Info.plist; sourceTree = "<group>"; };
		33E20F0826A605510045E6DD /* todolistTests.xctest */ = {isa = PBXFileReference; explicitFileType = wrapper.cfbundle; includeInIndex = 0; path = todolistTests.xctest; sourceTree = BUILT_PRODUCTS_DIR; };
		33E20F0C26A605510045E6DD /* todolistTests.swift */ = {isa = PBXFileReference; lastKnownFileType = sourcecode.swift; path = todolistTests.swift; sourceTree = "<group>"; };
		33E20F0E26A605510045E6DD /* Info.plist */ = {isa = PBXFileReference; lastKnownFileType = text.plist.xml; path = Info.plist; sourceTree = "<group>"; };
		33E20F1326A605510045E6DD /* todolistUITests.xctest */ = {isa = PBXFileReference; explicitFileType = wrapper.cfbundle; includeInIndex = 0; path = todolistUITests.xctest; sourceTree = BUILT_PRODUCTS_DIR; };
		33E20F1726A605510045E6DD /* todolistUITests.swift */ = {isa = PBXFileReference; lastKnownFileType = sourcecode.swift; path = todolistUITests.swift; sourceTree = "<group>"; };
		33E20F1926A605510045E6DD /* Info.plist */ = {isa = PBXFileReference; lastKnownFileType = text.plist.xml; path = Info.plist; sourceTree = "<group>"; };
		33E20F2526A6292D0045E6DD /* ToDo Table View ControllerTableViewController.swift */ = {isa = PBXFileReference; lastKnownFileType = sourcecode.swift; path = "ToDo Table View ControllerTableViewController.swift"; sourceTree = "<group>"; };
		33E20F2726A62C3A0045E6DD /* ToDo.swift */ = {isa = PBXFileReference; lastKnownFileType = sourcecode.swift; path = ToDo.swift; sourceTree = "<group>"; };
/* End PBXFileReference section */

/* Begin PBXFrameworksBuildPhase section */
		33E20EEC26A6054C0045E6DD /* Frameworks */ = {
			isa = PBXFrameworksBuildPhase;
			buildActionMask = 2147483647;
			files = (
			);
			runOnlyForDeploymentPostprocessing = 0;
		};
		33E20F0526A605510045E6DD /* Frameworks */ = {
			isa = PBXFrameworksBuildPhase;
			buildActionMask = 2147483647;
			files = (
			);
			runOnlyForDeploymentPostprocessing = 0;
		};
		33E20F1026A605510045E6DD /* Frameworks */ = {
			isa = PBXFrameworksBuildPhase;
			buildActionMask = 2147483647;
			files = (
			);
			runOnlyForDeploymentPostprocessing = 0;
		};
/* End PBXFrameworksBuildPhase section */

/* Begin PBXGroup section */
		33E20EE626A6054C0045E6DD = {
			isa = PBXGroup;
			children = (
				33E20EF126A6054C0045E6DD /* todolist */,
				33E20F0B26A605510045E6DD /* todolistTests */,
				33E20F1626A605510045E6DD /* todolistUITests */,
				33E20EF026A6054C0045E6DD /* Products */,
			);
			sourceTree = "<group>";
		};
		33E20EF026A6054C0045E6DD /* Products */ = {
			isa = PBXGroup;
			children = (
				33E20EEF26A6054C0045E6DD /* todolist.app */,
				33E20F0826A605510045E6DD /* todolistTests.xctest */,
				33E20F1326A605510045E6DD /* todolistUITests.xctest */,
			);
			name = Products;
			sourceTree = "<group>";
		};
		33E20EF126A6054C0045E6DD /* todolist */ = {
			isa = PBXGroup;
			children = (
				33E20EF226A6054C0045E6DD /* AppDelegate.swift */,
				33E20EF426A6054C0045E6DD /* SceneDelegate.swift */,
				33E20EF826A6054C0045E6DD /* Main.storyboard */,
				33E20F2726A62C3A0045E6DD /* ToDo.swift */,
				33E20F2526A6292D0045E6DD /* ToDo Table View ControllerTableViewController.swift */,
				33E20EFE26A605510045E6DD /* Assets.xcassets */,
				33E20F0026A605510045E6DD /* LaunchScreen.storyboard */,
				33E20F0326A605510045E6DD /* Info.plist */,
				33E20EFB26A6054C0045E6DD /* todolist.xcdatamodeld */,
			);
			path = todolist;
			sourceTree = "<group>";
		};
		33E20F0B26A605510045E6DD /* todolistTests */ = {
			isa = PBXGroup;
			children = (
				33E20F0C26A605510045E6DD /* todolistTests.swift */,
				33E20F0E26A605510045E6DD /* Info.plist */,
			);
			path = todolistTests;
			sourceTree = "<group>";
		};
		33E20F1626A605510045E6DD /* todolistUITests */ = {
			isa = PBXGroup;
			children = (
				33E20F1726A605510045E6DD /* todolistUITests.swift */,
				33E20F1926A605510045E6DD /* Info.plist */,
			);
			path = todolistUITests;
			sourceTree = "<group>";
		};
/* End PBXGroup section */

/* Begin PBXNativeTarget section */
		33E20EEE26A6054C0045E6DD /* todolist */ = {
			isa = PBXNativeTarget;
			buildConfigurationList = 33E20F1C26A605510045E6DD /* Build configuration list for PBXNativeTarget "todolist" */;
			buildPhases = (
				33E20EEB26A6054C0045E6DD /* Sources */,
				33E20EEC26A6054C0045E6DD /* Frameworks */,
				33E20EED26A6054C0045E6DD /* Resources */,
			);
			buildRules = (
			);
			dependencies = (
			);
			name = todolist;
			productName = todolist;
			productReference = 33E20EEF26A6054C0045E6DD /* todolist.app */;
			productType = "com.apple.product-type.application";
		};
		33E20F0726A605510045E6DD /* todolistTests */ = {
			isa = PBXNativeTarget;
			buildConfigurationList = 33E20F1F26A605510045E6DD /* Build configuration list for PBXNativeTarget "todolistTests" */;
			buildPhases = (
				33E20F0426A605510045E6DD /* Sources */,
				33E20F0526A605510045E6DD /* Frameworks */,
				33E20F0626A605510045E6DD /* Resources */,
			);
			buildRules = (
			);
			dependencies = (
				33E20F0A26A605510045E6DD /* PBXTargetDependency */,
			);
			name = todolistTests;
			productName = todolistTests;
			productReference = 33E20F0826A605510045E6DD /* todolistTests.xctest */;
			productType = "com.apple.product-type.bundle.unit-test";
		};
		33E20F1226A605510045E6DD /* todolistUITests */ = {
			isa = PBXNativeTarget;
			buildConfigurationList = 33E20F2226A605510045E6DD /* Build configuration list for PBXNativeTarget "todolistUITests" */;
			buildPhases = (
				33E20F0F26A605510045E6DD /* Sources */,
				33E20F1026A605510045E6DD /* Frameworks */,
				33E20F1126A605510045E6DD /* Resources */,
			);
			buildRules = (
			);
			dependencies = (
				33E20F1526A605510045E6DD /* PBXTargetDependency */,
			);
			name = todolistUITests;
			productName = todolistUITests;
			productReference = 33E20F1326A605510045E6DD /* todolistUITests.xctest */;
			productType = "com.apple.product-type.bundle.ui-testing";
		};
/* End PBXNativeTarget section */

/* Begin PBXProject section */
		33E20EE726A6054C0045E6DD /* Project object */ = {
			isa = PBXProject;
			attributes = {
				LastSwiftUpdateCheck = 1250;
				LastUpgradeCheck = 1250;
				TargetAttributes = {
					33E20EEE26A6054C0045E6DD = {
						CreatedOnToolsVersion = 12.5.1;
					};
					33E20F0726A605510045E6DD = {
						CreatedOnToolsVersion = 12.5.1;
						TestTargetID = 33E20EEE26A6054C0045E6DD;
					};
					33E20F1226A605510045E6DD = {
						CreatedOnToolsVersion = 12.5.1;
						TestTargetID = 33E20EEE26A6054C0045E6DD;
					};
				};
			};
			buildConfigurationList = 33E20EEA26A6054C0045E6DD /* Build configuration list for PBXProject "todolist" */;
			compatibilityVersion = "Xcode 9.3";
			developmentRegion = en;
			hasScannedForEncodings = 0;
			knownRegions = (
				en,
				Base,
			);
			mainGroup = 33E20EE626A6054C0045E6DD;
			productRefGroup = 33E20EF026A6054C0045E6DD /* Products */;
			projectDirPath = "";
			projectRoot = "";
			targets = (
				33E20EEE26A6054C0045E6DD /* todolist */,
				33E20F0726A605510045E6DD /* todolistTests */,
				33E20F1226A605510045E6DD /* todolistUITests */,
			);
		};
/* End PBXProject section */

/* Begin PBXResourcesBuildPhase section */
		33E20EED26A6054C0045E6DD /* Resources */ = {
			isa = PBXResourcesBuildPhase;
			buildActionMask = 2147483647;
			files = (
				33E20F0226A605510045E6DD /* LaunchScreen.storyboard in Resources */,
				33E20EFF26A605510045E6DD /* Assets.xcassets in Resources */,
				33E20EFA26A6054C0045E6DD /* Main.storyboard in Resources */,
			);
			runOnlyForDeploymentPostprocessing = 0;
		};
		33E20F0626A605510045E6DD /* Resources */ = {
			isa = PBXResourcesBuildPhase;
			buildActionMask = 2147483647;
			files = (
			);
			runOnlyForDeploymentPostprocessing = 0;
		};
		33E20F1126A605510045E6DD /* Resources */ = {
			isa = PBXResourcesBuildPhase;
			buildActionMask = 2147483647;
			files = (
			);
			runOnlyForDeploymentPostprocessing = 0;
		};
/* End PBXResourcesBuildPhase section */

/* Begin PBXSourcesBuildPhase section */
		33E20EEB26A6054C0045E6DD /* Sources */ = {
			isa = PBXSourcesBuildPhase;
			buildActionMask = 2147483647;
			files = (
				33E20EF326A6054C0045E6DD /* AppDelegate.swift in Sources */,
				33E20F2826A62C3A0045E6DD /* ToDo.swift in Sources */,
				33E20EF526A6054C0045E6DD /* SceneDelegate.swift in Sources */,
				33E20F2626A6292D0045E6DD /* ToDo Table View ControllerTableViewController.swift in Sources */,
				33E20EFD26A6054C0045E6DD /* todolist.xcdatamodeld in Sources */,
			);
			runOnlyForDeploymentPostprocessing = 0;
		};
		33E20F0426A605510045E6DD /* Sources */ = {
			isa = PBXSourcesBuildPhase;
			buildActionMask = 2147483647;
			files = (
				33E20F0D26A605510045E6DD /* todolistTests.swift in Sources */,
			);
			runOnlyForDeploymentPostprocessing = 0;
		};
		33E20F0F26A605510045E6DD /* Sources */ = {
			isa = PBXSourcesBuildPhase;
			buildActionMask = 2147483647;
			files = (
				33E20F1826A605510045E6DD /* todolistUITests.swift in Sources */,
			);
			runOnlyForDeploymentPostprocessing = 0;
		};
/* End PBXSourcesBuildPhase section */

/* Begin PBXTargetDependency section */
		33E20F0A26A605510045E6DD /* PBXTargetDependency */ = {
			isa = PBXTargetDependency;
			target = 33E20EEE26A6054C0045E6DD /* todolist */;
			targetProxy = 33E20F0926A605510045E6DD /* PBXContainerItemProxy */;
		};
		33E20F1526A605510045E6DD /* PBXTargetDependency */ = {
			isa = PBXTargetDependency;
			target = 33E20EEE26A6054C0045E6DD /* todolist */;
			targetProxy = 33E20F1426A605510045E6DD /* PBXContainerItemProxy */;
		};
/* End PBXTargetDependency section */

/* Begin PBXVariantGroup section */
		33E20EF826A6054C0045E6DD /* Main.storyboard */ = {
			isa = PBXVariantGroup;
			children = (
				33E20EF926A6054C0045E6DD /* Base */,
			);
			name = Main.storyboard;
			sourceTree = "<group>";
		};
		33E20F0026A605510045E6DD /* LaunchScreen.storyboard */ = {
			isa = PBXVariantGroup;
			children = (
				33E20F0126A605510045E6DD /* Base */,
			);
			name = LaunchScreen.storyboard;
			sourceTree = "<group>";
		};
/* End PBXVariantGroup section */

/* Begin XCBuildConfiguration section */
		33E20F1A26A605510045E6DD /* Debug */ = {
			isa = XCBuildConfiguration;
			buildSettings = {
				ALWAYS_SEARCH_USER_PATHS = NO;
				CLANG_ANALYZER_NONNULL = YES;
				CLANG_ANALYZER_NUMBER_OBJECT_CONVERSION = YES_AGGRESSIVE;
				CLANG_CXX_LANGUAGE_STANDARD = "gnu++14";
				CLANG_CXX_LIBRARY = "libc++";
				CLANG_ENABLE_MODULES = YES;
				CLANG_ENABLE_OBJC_ARC = YES;
				CLANG_ENABLE_OBJC_WEAK = YES;
				CLANG_WARN_BLOCK_CAPTURE_AUTORELEASING = YES;
				CLANG_WARN_BOOL_CONVERSION = YES;
				CLANG_WARN_COMMA = YES;
				CLANG_WARN_CONSTANT_CONVERSION = YES;
				CLANG_WARN_DEPRECATED_OBJC_IMPLEMENTATIONS = YES;
				CLANG_WARN_DIRECT_OBJC_ISA_USAGE = YES_ERROR;
				CLANG_WARN_DOCUMENTATION_COMMENTS = YES;
				CLANG_WARN_EMPTY_BODY = YES;
				CLANG_WARN_ENUM_CONVERSION = YES;
				CLANG_WARN_INFINITE_RECURSION = YES;
				CLANG_WARN_INT_CONVERSION = YES;
				CLANG_WARN_NON_LITERAL_NULL_CONVERSION = YES;
				CLANG_WARN_OBJC_IMPLICIT_RETAIN_SELF = YES;
				CLANG_WARN_OBJC_LITERAL_CONVERSION = YES;
				CLANG_WARN_OBJC_ROOT_CLASS = YES_ERROR;
				CLANG_WARN_QUOTED_INCLUDE_IN_FRAMEWORK_HEADER = YES;
				CLANG_WARN_RANGE_LOOP_ANALYSIS = YES;
				CLANG_WARN_STRICT_PROTOTYPES = YES;
				CLANG_WARN_SUSPICIOUS_MOVE = YES;
				CLANG_WARN_UNGUARDED_AVAILABILITY = YES_AGGRESSIVE;
				CLANG_WARN_UNREACHABLE_CODE = YES;
				CLANG_WARN__DUPLICATE_METHOD_MATCH = YES;
				COPY_PHASE_STRIP = NO;
				DEBUG_INFORMATION_FORMAT = dwarf;
				ENABLE_STRICT_OBJC_MSGSEND = YES;
				ENABLE_TESTABILITY = YES;
				GCC_C_LANGUAGE_STANDARD = gnu11;
				GCC_DYNAMIC_NO_PIC = NO;
				GCC_NO_COMMON_BLOCKS = YES;
				GCC_OPTIMIZATION_LEVEL = 0;
				GCC_PREPROCESSOR_DEFINITIONS = (
					"DEBUG=1",
					"$(inherited)",
				);
				GCC_WARN_64_TO_32_BIT_CONVERSION = YES;
				GCC_WARN_ABOUT_RETURN_TYPE = YES_ERROR;
				GCC_WARN_UNDECLARED_SELECTOR = YES;
				GCC_WARN_UNINITIALIZED_AUTOS = YES_AGGRESSIVE;
				GCC_WARN_UNUSED_FUNCTION = YES;
				GCC_WARN_UNUSED_VARIABLE = YES;
				IPHONEOS_DEPLOYMENT_TARGET = 14.5;
				MTL_ENABLE_DEBUG_INFO = INCLUDE_SOURCE;
				MTL_FAST_MATH = YES;
				ONLY_ACTIVE_ARCH = YES;
				SDKROOT = iphoneos;
				SWIFT_ACTIVE_COMPILATION_CONDITIONS = DEBUG;
				SWIFT_OPTIMIZATION_LEVEL = "-Onone";
			};
			name = Debug;
		};
		33E20F1B26A605510045E6DD /* Release */ = {
			isa = XCBuildConfiguration;
			buildSettings = {
				ALWAYS_SEARCH_USER_PATHS = NO;
				CLANG_ANALYZER_NONNULL = YES;
				CLANG_ANALYZER_NUMBER_OBJECT_CONVERSION = YES_AGGRESSIVE;
				CLANG_CXX_LANGUAGE_STANDARD = "gnu++14";
				CLANG_CXX_LIBRARY = "libc++";
				CLANG_ENABLE_MODULES = YES;
				CLANG_ENABLE_OBJC_ARC = YES;
				CLANG_ENABLE_OBJC_WEAK = YES;
				CLANG_WARN_BLOCK_CAPTURE_AUTORELEASING = YES;
				CLANG_WARN_BOOL_CONVERSION = YES;
				CLANG_WARN_COMMA = YES;
				CLANG_WARN_CONSTANT_CONVERSION = YES;
				CLANG_WARN_DEPRECATED_OBJC_IMPLEMENTATIONS = YES;
				CLANG_WARN_DIRECT_OBJC_ISA_USAGE = YES_ERROR;
				CLANG_WARN_DOCUMENTATION_COMMENTS = YES;
				CLANG_WARN_EMPTY_BODY = YES;
				CLANG_WARN_ENUM_CONVERSION = YES;
				CLANG_WARN_INFINITE_RECURSION = YES;
				CLANG_WARN_INT_CONVERSION = YES;
				CLANG_WARN_NON_LITERAL_NULL_CONVERSION = YES;
				CLANG_WARN_OBJC_IMPLICIT_RETAIN_SELF = YES;
				CLANG_WARN_OBJC_LITERAL_CONVERSION = YES;
				CLANG_WARN_OBJC_ROOT_CLASS = YES_ERROR;
				CLANG_WARN_QUOTED_INCLUDE_IN_FRAMEWORK_HEADER = YES;
				CLANG_WARN_RANGE_LOOP_ANALYSIS = YES;
				CLANG_WARN_STRICT_PROTOTYPES = YES;
				CLANG_WARN_SUSPICIOUS_MOVE = YES;
				CLANG_WARN_UNGUARDED_AVAILABILITY = YES_AGGRESSIVE;
				CLANG_WARN_UNREACHABLE_CODE = YES;
				CLANG_WARN__DUPLICATE_METHOD_MATCH = YES;
				COPY_PHASE_STRIP = NO;
				DEBUG_INFORMATION_FORMAT = "dwarf-with-dsym";
				ENABLE_NS_ASSERTIONS = NO;
				ENABLE_STRICT_OBJC_MSGSEND = YES;
				GCC_C_LANGUAGE_STANDARD = gnu11;
				GCC_NO_COMMON_BLOCKS = YES;
				GCC_WARN_64_TO_32_BIT_CONVERSION = YES;
				GCC_WARN_ABOUT_RETURN_TYPE = YES_ERROR;
				GCC_WARN_UNDECLARED_SELECTOR = YES;
				GCC_WARN_UNINITIALIZED_AUTOS = YES_AGGRESSIVE;
				GCC_WARN_UNUSED_FUNCTION = YES;
				GCC_WARN_UNUSED_VARIABLE = YES;
				IPHONEOS_DEPLOYMENT_TARGET = 14.5;
				MTL_ENABLE_DEBUG_INFO = NO;
				MTL_FAST_MATH = YES;
				SDKROOT = iphoneos;
				SWIFT_COMPILATION_MODE = wholemodule;
				SWIFT_OPTIMIZATION_LEVEL = "-O";
				VALIDATE_PRODUCT = YES;
			};
			name = Release;
		};
		33E20F1D26A605510045E6DD /* Debug */ = {
			isa = XCBuildConfiguration;
			buildSettings = {
				ASSETCATALOG_COMPILER_APPICON_NAME = AppIcon;
				ASSETCATALOG_COMPILER_GLOBAL_ACCENT_COLOR_NAME = AccentColor;
				CODE_SIGN_STYLE = Automatic;
				INFOPLIST_FILE = todolist/Info.plist;
				LD_RUNPATH_SEARCH_PATHS = (
					"$(inherited)",
					"@executable_path/Frameworks",
				);
				PRODUCT_BUNDLE_IDENTIFIER = "kode-with-klossy.todolist";
				PRODUCT_NAME = "$(TARGET_NAME)";
				SWIFT_VERSION = 5.0;
				TARGETED_DEVICE_FAMILY = "1,2";
			};
			name = Debug;
		};
		33E20F1E26A605510045E6DD /* Release */ = {
			isa = XCBuildConfiguration;
			buildSettings = {
				ASSETCATALOG_COMPILER_APPICON_NAME = AppIcon;
				ASSETCATALOG_COMPILER_GLOBAL_ACCENT_COLOR_NAME = AccentColor;
				CODE_SIGN_STYLE = Automatic;
				INFOPLIST_FILE = todolist/Info.plist;
				LD_RUNPATH_SEARCH_PATHS = (
					"$(inherited)",
					"@executable_path/Frameworks",
				);
				PRODUCT_BUNDLE_IDENTIFIER = "kode-with-klossy.todolist";
				PRODUCT_NAME = "$(TARGET_NAME)";
				SWIFT_VERSION = 5.0;
				TARGETED_DEVICE_FAMILY = "1,2";
			};
			name = Release;
		};
		33E20F2026A605510045E6DD /* Debug */ = {
			isa = XCBuildConfiguration;
			buildSettings = {
				ALWAYS_EMBED_SWIFT_STANDARD_LIBRARIES = YES;
				BUNDLE_LOADER = "$(TEST_HOST)";
				CODE_SIGN_STYLE = Automatic;
				INFOPLIST_FILE = todolistTests/Info.plist;
				IPHONEOS_DEPLOYMENT_TARGET = 14.5;
				LD_RUNPATH_SEARCH_PATHS = (
					"$(inherited)",
					"@executable_path/Frameworks",
					"@loader_path/Frameworks",
				);
				PRODUCT_BUNDLE_IDENTIFIER = "kode-with-klossy.todolistTests";
				PRODUCT_NAME = "$(TARGET_NAME)";
				SWIFT_VERSION = 5.0;
				TARGETED_DEVICE_FAMILY = "1,2";
				TEST_HOST = "$(BUILT_PRODUCTS_DIR)/todolist.app/todolist";
			};
			name = Debug;
		};
		33E20F2126A605510045E6DD /* Release */ = {
			isa = XCBuildConfiguration;
			buildSettings = {
				ALWAYS_EMBED_SWIFT_STANDARD_LIBRARIES = YES;
				BUNDLE_LOADER = "$(TEST_HOST)";
				CODE_SIGN_STYLE = Automatic;
				INFOPLIST_FILE = todolistTests/Info.plist;
				IPHONEOS_DEPLOYMENT_TARGET = 14.5;
				LD_RUNPATH_SEARCH_PATHS = (
					"$(inherited)",
					"@executable_path/Frameworks",
					"@loader_path/Frameworks",
				);
				PRODUCT_BUNDLE_IDENTIFIER = "kode-with-klossy.todolistTests";
				PRODUCT_NAME = "$(TARGET_NAME)";
				SWIFT_VERSION = 5.0;
				TARGETED_DEVICE_FAMILY = "1,2";
				TEST_HOST = "$(BUILT_PRODUCTS_DIR)/todolist.app/todolist";
			};
			name = Release;
		};
		33E20F2326A605510045E6DD /* Debug */ = {
			isa = XCBuildConfiguration;
			buildSettings = {
				ALWAYS_EMBED_SWIFT_STANDARD_LIBRARIES = YES;
				CODE_SIGN_STYLE = Automatic;
				INFOPLIST_FILE = todolistUITests/Info.plist;
				LD_RUNPATH_SEARCH_PATHS = (
					"$(inherited)",
					"@executable_path/Frameworks",
					"@loader_path/Frameworks",
				);
				PRODUCT_BUNDLE_IDENTIFIER = "kode-with-klossy.todolistUITests";
				PRODUCT_NAME = "$(TARGET_NAME)";
				SWIFT_VERSION = 5.0;
				TARGETED_DEVICE_FAMILY = "1,2";
				TEST_TARGET_NAME = todolist;
			};
			name = Debug;
		};
		33E20F2426A605510045E6DD /* Release */ = {
			isa = XCBuildConfiguration;
			buildSettings = {
				ALWAYS_EMBED_SWIFT_STANDARD_LIBRARIES = YES;
				CODE_SIGN_STYLE = Automatic;
				INFOPLIST_FILE = todolistUITests/Info.plist;
				LD_RUNPATH_SEARCH_PATHS = (
					"$(inherited)",
					"@executable_path/Frameworks",
					"@loader_path/Frameworks",
				);
				PRODUCT_BUNDLE_IDENTIFIER = "kode-with-klossy.todolistUITests";
				PRODUCT_NAME = "$(TARGET_NAME)";
				SWIFT_VERSION = 5.0;
				TARGETED_DEVICE_FAMILY = "1,2";
				TEST_TARGET_NAME = todolist;
			};
			name = Release;
		};
/* End XCBuildConfiguration section */

/* Begin XCConfigurationList section */
		33E20EEA26A6054C0045E6DD /* Build configuration list for PBXProject "todolist" */ = {
			isa = XCConfigurationList;
			buildConfigurations = (
				33E20F1A26A605510045E6DD /* Debug */,
				33E20F1B26A605510045E6DD /* Release */,
			);
			defaultConfigurationIsVisible = 0;
			defaultConfigurationName = Release;
		};
		33E20F1C26A605510045E6DD /* Build configuration list for PBXNativeTarget "todolist" */ = {
			isa = XCConfigurationList;
			buildConfigurations = (
				33E20F1D26A605510045E6DD /* Debug */,
				33E20F1E26A605510045E6DD /* Release */,
			);
			defaultConfigurationIsVisible = 0;
			defaultConfigurationName = Release;
		};
		33E20F1F26A605510045E6DD /* Build configuration list for PBXNativeTarget "todolistTests" */ = {
			isa = XCConfigurationList;
			buildConfigurations = (
				33E20F2026A605510045E6DD /* Debug */,
				33E20F2126A605510045E6DD /* Release */,
			);
			defaultConfigurationIsVisible = 0;
			defaultConfigurationName = Release;
		};
		33E20F2226A605510045E6DD /* Build configuration list for PBXNativeTarget "todolistUITests" */ = {
			isa = XCConfigurationList;
			buildConfigurations = (
				33E20F2326A605510045E6DD /* Debug */,
				33E20F2426A605510045E6DD /* Release */,
			);
			defaultConfigurationIsVisible = 0;
			defaultConfigurationName = Release;
		};
/* End XCConfigurationList section */

/* Begin XCVersionGroup section */
		33E20EFB26A6054C0045E6DD /* todolist.xcdatamodeld */ = {
			isa = XCVersionGroup;
			children = (
				33E20EFC26A6054C0045E6DD /* todolist.xcdatamodel */,
			);
			currentVersion = 33E20EFC26A6054C0045E6DD /* todolist.xcdatamodel */;
			path = todolist.xcdatamodeld;
			sourceTree = "<group>";
			versionGroupType = wrapper.xcdatamodel;
		};
/* End XCVersionGroup section */
	};
	rootObject = 33E20EE726A6054C0045E6DD /* Project object */;
}
